
Microsoft Visual Studio Solution File, Format Version 12.00
Project("{FAE04EC0-301F-11D3-BF4B-00C04F79EFBC}") = "WcfDiagnosticUsageExample.Common", "WcfDiagnosticUsageExample.Common\WcfDiagnosticUsageExample.Common.csproj", "{5FBB4C69-5429-4936-8994-FD56FB7B6019}"
EndProject
Project("{FAE04EC0-301F-11D3-BF4B-00C04F79EFBC}") = "WcfDiagnosticUsageExample.Client", "WcfDiagnosticUsageExample.Client\WcfDiagnosticUsageExample.Client.csproj", "{3FA357FE-4556-4149-9309-D7CE23F35D9E}"
EndProject
Project("{FAE04EC0-301F-11D3-BF4B-00C04F79EFBC}") = "WcfDiagnosticUsageExample.Server", "WcfDiagnosticUsageExample.Server\WcfDiagnosticUsageExample.Server.csproj", "{034FD8D9-6BBA-47CA-B2C9-C862B705F377}"
EndProject
Project("{FAE04EC0-301F-11D3-BF4B-00C04F79EFBC}") = "WcfDiagnosticUsageExample.ServerCli", "WcfDiagnosticUsageExample.ServerCli\WcfDiagnosticUsageExample.ServerCli.csproj", "{45FF7DA3-3D61-4946-9675-6237390DF72B}"
EndProject
Project("{FAE04EC0-301F-11D3-BF4B-00C04F79EFBC}") = "WcfDiagnosticUsageExample.ClientCli", "WcfDiagnosticUsageExample.ClientCli\WcfDiagnosticUsageExample.ClientCli.csproj", "{32FAEB28-C75F-4640-91DC-0FA98DE869A2}"
EndProject
Global
	GlobalSection(SolutionConfigurationPlatforms) = preSolution
		Debug|Any CPU = Debug|Any CPU
		Release|Any CPU = Release|Any CPU
	EndGlobalSection
	GlobalSection(ProjectConfigurationPlatforms) = postSolution
		{5FBB4C69-5429-4936-8994-FD56FB7B6019}.Debug|Any CPU.ActiveCfg = Debug|Any CPU
		{5FBB4C69-5429-4936-8994-FD56FB7B6019}.Debug|Any CPU.Build.0 = Debug|Any CPU
		{5FBB4C69-5429-4936-8994-FD56FB7B6019}.Release|Any CPU.ActiveCfg = Release|Any CPU
		{5FBB4C69-5429-4936-8994-FD56FB7B6019}.Release|Any CPU.Build.0 = Release|Any CPU
		{3FA357FE-4556-4149-9309-D7CE23F35D9E}.Debug|Any CPU.ActiveCfg = Debug|Any CPU
		{3FA357FE-4556-4149-9309-D7CE23F35D9E}.Debug|Any CPU.Build.0 = Debug|Any CPU
		{3FA357FE-4556-4149-9309-D7CE23F35D9E}.Release|Any CPU.ActiveCfg = Release|Any CPU
		{3FA357FE-4556-4149-9309-D7CE23F35D9E}.Release|Any CPU.Build.0 = Release|Any CPU
		{034FD8D9-6BBA-47CA-B2C9-C862B705F377}.Debug|Any CPU.ActiveCfg = Debug|Any CPU
		{034FD8D9-6BBA-47CA-B2C9-C862B705F377}.Debug|Any CPU.Build.0 = Debug|Any CPU
		{034FD8D9-6BBA-47CA-B2C9-C862B705F377}.Release|Any CPU.ActiveCfg = Release|Any CPU
		{034FD8D9-6BBA-47CA-B2C9-C862B705F377}.Release|Any CPU.Build.0 = Release|Any CPU
		{45FF7DA3-3D61-4946-9675-6237390DF72B}.Debug|Any CPU.ActiveCfg = Debug|Any CPU
		{45FF7DA3-3D61-4946-9675-6237390DF72B}.Debug|Any CPU.Build.0 = Debug|Any CPU
		{45FF7DA3-3D61-4946-9675-6237390DF72B}.Release|Any CPU.ActiveCfg = Release|Any CPU
		{45FF7DA3-3D61-4946-9675-6237390DF72B}.Release|Any CPU.Build.0 = Release|Any CPU
		{32FAEB28-C75F-4640-91DC-0FA98DE869A2}.Debug|Any CPU.ActiveCfg = Debug|Any CPU
		{32FAEB28-C75F-4640-91DC-0FA98DE869A2}.Debug|Any CPU.Build.0 = Debug|Any CPU
		{32FAEB28-C75F-4640-91DC-0FA98DE869A2}.Release|Any CPU.ActiveCfg = Release|Any CPU
		{32FAEB28-C75F-4640-91DC-0FA98DE869A2}.Release|Any CPU.Build.0 = Release|Any CPU
	EndGlobalSection
EndGlobal
